
Microsoft Visual Studio Solution File, Format Version 12.00
# Visual Studio Version 17
VisualStudioVersion = 17.2.32616.157
MinimumVisualStudioVersion = 10.0.40219.1
Project("{9A19103F-16F7-4668-BE54-9A1E7A4F7556}") = "ToDoList.DAL", "ToDoListProject.DAL\ToDoList.DAL.csproj", "{3ADF386A-1185-4201-A7F7-2F5013FF01BC}"
EndProject
Project("{9A19103F-16F7-4668-BE54-9A1E7A4F7556}") = "ToDoList.BL", "ToDoList.BL\ToDoList.BL.csproj", "{1ECAE889-5D11-493C-BFA3-9B62C1540AFB}"
EndProject
Project("{FAE04EC0-301F-11D3-BF4B-00C04F79EFBC}") = "ToDoList.UI", "ToDoList.UI\ToDoList.UI.csproj", "{A9DD3650-5BAE-45C3-BF76-6B61E5808EAC}"
EndProject
Global
	GlobalSection(SolutionConfigurationPlatforms) = preSolution
		Debug|Any CPU = Debug|Any CPU
		Release|Any CPU = Release|Any CPU
	EndGlobalSection
	GlobalSection(ProjectConfigurationPlatforms) = postSolution
		{3ADF386A-1185-4201-A7F7-2F5013FF01BC}.Debug|Any CPU.ActiveCfg = Debug|Any CPU
		{3ADF386A-1185-4201-A7F7-2F5013FF01BC}.Debug|Any CPU.Build.0 = Debug|Any CPU
		{3ADF386A-1185-4201-A7F7-2F5013FF01BC}.Release|Any CPU.ActiveCfg = Release|Any CPU
		{3ADF386A-1185-4201-A7F7-2F5013FF01BC}.Release|Any CPU.Build.0 = Release|Any CPU
		{1ECAE889-5D11-493C-BFA3-9B62C1540AFB}.Debug|Any CPU.ActiveCfg = Debug|Any CPU
		{1ECAE889-5D11-493C-BFA3-9B62C1540AFB}.Debug|Any CPU.Build.0 = Debug|Any CPU
		{1ECAE889-5D11-493C-BFA3-9B62C1540AFB}.Release|Any CPU.ActiveCfg = Release|Any CPU
		{1ECAE889-5D11-493C-BFA3-9B62C1540AFB}.Release|Any CPU.Build.0 = Release|Any CPU
		{A9DD3650-5BAE-45C3-BF76-6B61E5808EAC}.Debug|Any CPU.ActiveCfg = Debug|Any CPU
		{A9DD3650-5BAE-45C3-BF76-6B61E5808EAC}.Debug|Any CPU.Build.0 = Debug|Any CPU
		{A9DD3650-5BAE-45C3-BF76-6B61E5808EAC}.Release|Any CPU.ActiveCfg = Release|Any CPU
		{A9DD3650-5BAE-45C3-BF76-6B61E5808EAC}.Release|Any CPU.Build.0 = Release|Any CPU
	EndGlobalSection
	GlobalSection(SolutionProperties) = preSolution
		HideSolutionNode = FALSE
	EndGlobalSection
	GlobalSection(ExtensibilityGlobals) = postSolution
		SolutionGuid = {1161C7B4-6431-4D0D-9C26-5E0AF6D91B13}
	EndGlobalSection
EndGlobal
